{
  "name": "beyondjava-example-first-library",
  "version": "1.0.1",
  "lockfileVersion": 1,
  "requires": true,
  "dependencies": {
    "beyondjava-example-base-library": {
      "version": "2.1.0",
      "resolved": "https://registry.npmjs.org/beyondjava-example-base-library/-/beyondjava-example-base-library-2.1.0.tgz",
      "integrity": "sha512-hl6WqZAoJvMzVRj6sOOfEjn/bmPpQIcDu+Ha5kbLl7yCQCwbeVAB33bHXE5a1+RLwXEH8WTN1rxCqilb7Avnhg=="
    }
  }
}
